# THIS IS AN AUTOGENERATED FILE. DO NOT EDIT THIS FILE DIRECTLY.
# yarn lockfile v1


"@hapi/accept@^6.0.1":
  version "6.0.2"
  resolved "https://registry.yarnpkg.com/@hapi/accept/-/accept-6.0.2.tgz#1d3120601b26136f340a73cefa918c7d5324cb07"
  integrity sha512-xaTLf29Zeph/B32hekmgxLFsEPuX1xQYyZu0gJ4ZCHKU6nXmBRXfBymtWNEK0souOJcX2XHWUaZU6JzccuuMpg==
  dependencies:
    "@hapi/boom" "^10.0.1"
    "@hapi/hoek" "^11.0.2"

"@hapi/ammo@^6.0.1":
  version "6.0.1"
  resolved "https://registry.yarnpkg.com/@hapi/ammo/-/ammo-6.0.1.tgz#1bc9f7102724ff288ca03b721854fc5393ad123a"
  integrity sha512-pmL+nPod4g58kXrMcsGLp05O2jF4P2Q3GiL8qYV7nKYEh3cGf+rV4P5Jyi2Uq0agGhVU63GtaSAfBEZOlrJn9w==
  dependencies:
    "@hapi/hoek" "^11.0.2"

"@hapi/b64@^6.0.1":
  version "6.0.1"
  resolved "https://registry.yarnpkg.com/@hapi/b64/-/b64-6.0.1.tgz#786b47dc070e14465af49e2428c1025bd06ed3df"
  integrity sha512-ZvjX4JQReUmBheeCq+S9YavcnMMHWqx3S0jHNXWIM1kQDxB9cyfSycpVvjfrKcIS8Mh5N3hmu/YKo4Iag9g2Kw==
  dependencies:
    "@hapi/hoek" "^11.0.2"

"@hapi/boom@^10.0.0", "@hapi/boom@^10.0.1":
  version "10.0.1"
  resolved "https://registry.yarnpkg.com/@hapi/boom/-/boom-10.0.1.tgz#ebb14688275ae150aa6af788dbe482e6a6062685"
  integrity sha512-ERcCZaEjdH3OgSJlyjVk8pHIFeus91CjKP3v+MpgBNp5IvGzP2l/bRiD78nqYcKPaZdbKkK5vDBVPd2ohHBlsA==
  dependencies:
    "@hapi/hoek" "^11.0.2"

"@hapi/bounce@^3.0.1":
  version "3.0.1"
  resolved "https://registry.yarnpkg.com/@hapi/bounce/-/bounce-3.0.1.tgz#25a51bf95733749c557c6bf948048bffa66435e4"
  integrity sha512-G+/Pp9c1Ha4FDP+3Sy/Xwg2O4Ahaw3lIZFSX+BL4uWi64CmiETuZPxhKDUD4xBMOUZbBlzvO8HjiK8ePnhBadA==
  dependencies:
    "@hapi/boom" "^10.0.1"
    "@hapi/hoek" "^11.0.2"

"@hapi/bourne@^3.0.0":
  version "3.0.0"
  resolved "https://registry.yarnpkg.com/@hapi/bourne/-/bourne-3.0.0.tgz#f11fdf7dda62fe8e336fa7c6642d9041f30356d7"
  integrity sha512-Waj1cwPXJDucOib4a3bAISsKJVb15MKi9IvmTI/7ssVEm6sywXGjVJDhl6/umt1pK1ZS7PacXU3A1PmFKHEZ2w==

"@hapi/call@^9.0.1":
  version "9.0.1"
  resolved "https://registry.yarnpkg.com/@hapi/call/-/call-9.0.1.tgz#569b87d5b67abf0e58fb82a3894a61aaed3ca92e"
  integrity sha512-uPojQRqEL1GRZR4xXPqcLMujQGaEpyVPRyBlD8Pp5rqgIwLhtveF9PkixiKru2THXvuN8mUrLeet5fqxKAAMGg==
  dependencies:
    "@hapi/boom" "^10.0.1"
    "@hapi/hoek" "^11.0.2"

"@hapi/catbox-memory@^6.0.1":
  version "6.0.1"
  resolved "https://registry.yarnpkg.com/@hapi/catbox-memory/-/catbox-memory-6.0.1.tgz#8f6b04c0cf2ce25da470324df360bd4e8d68b6ec"
  integrity sha512-sVb+/ZxbZIvaMtJfAbdyY+QJUQg9oKTwamXpEg/5xnfG5WbJLTjvEn4kIGKz9pN3ENNbIL/bIdctmHmqi/AdGA==
  dependencies:
    "@hapi/boom" "^10.0.1"
    "@hapi/hoek" "^11.0.2"

"@hapi/catbox@^12.1.1":
  version "12.1.1"
  resolved "https://registry.yarnpkg.com/@hapi/catbox/-/catbox-12.1.1.tgz#9339dca0a5b18b3ca0a825ac5dfc916dbc5bab83"
  integrity sha512-hDqYB1J+R0HtZg4iPH3LEnldoaBsar6bYp0EonBmNQ9t5CO+1CqgCul2ZtFveW1ReA5SQuze9GPSU7/aecERhw==
  dependencies:
    "@hapi/boom" "^10.0.1"
    "@hapi/hoek" "^11.0.2"
    "@hapi/podium" "^5.0.0"
    "@hapi/validate" "^2.0.1"

"@hapi/content@^6.0.0":
  version "6.0.0"
  resolved "https://registry.yarnpkg.com/@hapi/content/-/content-6.0.0.tgz#2427af3bac8a2f743512fce2a70cbdc365af29df"
  integrity sha512-CEhs7j+H0iQffKfe5Htdak5LBOz/Qc8TRh51cF+BFv0qnuph3Em4pjGVzJMkI2gfTDdlJKWJISGWS1rK34POGA==
  dependencies:
    "@hapi/boom" "^10.0.0"

"@hapi/cryptiles@^6.0.1":
  version "6.0.1"
  resolved "https://registry.yarnpkg.com/@hapi/cryptiles/-/cryptiles-6.0.1.tgz#7868a9d4233567ed66f0a9caf85fdcc56e980621"
  integrity sha512-9GM9ECEHfR8lk5ASOKG4+4ZsEzFqLfhiryIJ2ISePVB92OHLp/yne4m+zn7z9dgvM98TLpiFebjDFQ0UHcqxXQ==
  dependencies:
    "@hapi/boom" "^10.0.1"

"@hapi/file@^3.0.0":
  version "3.0.0"
  resolved "https://registry.yarnpkg.com/@hapi/file/-/file-3.0.0.tgz#f1fd824493ac89a6fceaf89c824afc5ae2121c09"
  integrity sha512-w+lKW+yRrLhJu620jT3y+5g2mHqnKfepreykvdOcl9/6up8GrQQn+l3FRTsjHTKbkbfQFkuksHpdv2EcpKcJ4Q==

"@hapi/hapi@^21.3.2":
  version "21.3.2"
  resolved "https://registry.yarnpkg.com/@hapi/hapi/-/hapi-21.3.2.tgz#f9f94c1c28ccad1444c838d04070fa1cd0409b33"
  integrity sha512-tbm0zmsdUj8iw4NzFV30FST/W4qzh/Lsw6Q5o5gAhOuoirWvxm8a4G3o60bqBw8nXvRNJ8uLtE0RKLlZINxHcQ==
  dependencies:
    "@hapi/accept" "^6.0.1"
    "@hapi/ammo" "^6.0.1"
    "@hapi/boom" "^10.0.1"
    "@hapi/bounce" "^3.0.1"
    "@hapi/call" "^9.0.1"
    "@hapi/catbox" "^12.1.1"
    "@hapi/catbox-memory" "^6.0.1"
    "@hapi/heavy" "^8.0.1"
    "@hapi/hoek" "^11.0.2"
    "@hapi/mimos" "^7.0.1"
    "@hapi/podium" "^5.0.1"
    "@hapi/shot" "^6.0.1"
    "@hapi/somever" "^4.1.1"
    "@hapi/statehood" "^8.1.1"
    "@hapi/subtext" "^8.1.0"
    "@hapi/teamwork" "^6.0.0"
    "@hapi/topo" "^6.0.1"
    "@hapi/validate" "^2.0.1"

"@hapi/heavy@^8.0.1":
  version "8.0.1"
  resolved "https://registry.yarnpkg.com/@hapi/heavy/-/heavy-8.0.1.tgz#e2be4a6a249005b5a587f7604aafa8ed02461fb6"
  integrity sha512-gBD/NANosNCOp6RsYTsjo2vhr5eYA3BEuogk6cxY0QdhllkkTaJFYtTXv46xd6qhBVMbMMqcSdtqey+UQU3//w==
  dependencies:
    "@hapi/boom" "^10.0.1"
    "@hapi/hoek" "^11.0.2"
    "@hapi/validate" "^2.0.1"

"@hapi/hoek@^11.0.2":
  version "11.0.2"
  resolved "https://registry.yarnpkg.com/@hapi/hoek/-/hoek-11.0.2.tgz#cb3ea547daac7de5c9cf1d960c3f35c34f065427"
  integrity sha512-aKmlCO57XFZ26wso4rJsW4oTUnrgTFw2jh3io7CAtO9w4UltBNwRXvXIVzzyfkaaLRo3nluP/19msA8vDUUuKw==

"@hapi/iron@^7.0.1":
  version "7.0.1"
  resolved "https://registry.yarnpkg.com/@hapi/iron/-/iron-7.0.1.tgz#f74bace8dad9340c7c012c27c078504f070f14b5"
  integrity sha512-tEZnrOujKpS6jLKliyWBl3A9PaE+ppuL/+gkbyPPDb/l2KSKQyH4lhMkVb+sBhwN+qaxxlig01JRqB8dk/mPxQ==
  dependencies:
    "@hapi/b64" "^6.0.1"
    "@hapi/boom" "^10.0.1"
    "@hapi/bourne" "^3.0.0"
    "@hapi/cryptiles" "^6.0.1"
    "@hapi/hoek" "^11.0.2"

"@hapi/mimos@^7.0.1":
  version "7.0.1"
  resolved "https://registry.yarnpkg.com/@hapi/mimos/-/mimos-7.0.1.tgz#5b65c76bb9da28ba34b0092215891f2c72bc899d"
  integrity sha512-b79V+BrG0gJ9zcRx1VGcCI6r6GEzzZUgiGEJVoq5gwzuB2Ig9Cax8dUuBauQCFKvl2YWSWyOc8mZ8HDaJOtkew==
  dependencies:
    "@hapi/hoek" "^11.0.2"
    mime-db "^1.52.0"

"@hapi/nigel@^5.0.1":
  version "5.0.1"
  resolved "https://registry.yarnpkg.com/@hapi/nigel/-/nigel-5.0.1.tgz#a6dfe357e9d48d944e2ffc552bd95cb701d79ee9"
  integrity sha512-uv3dtYuB4IsNaha+tigWmN8mQw/O9Qzl5U26Gm4ZcJVtDdB1AVJOwX3X5wOX+A07qzpEZnOMBAm8jjSqGsU6Nw==
  dependencies:
    "@hapi/hoek" "^11.0.2"
    "@hapi/vise" "^5.0.1"

"@hapi/pez@^6.1.0":
  version "6.1.0"
  resolved "https://registry.yarnpkg.com/@hapi/pez/-/pez-6.1.0.tgz#64d9f95580fc7d8f1d13437ee4a8676709954fda"
  integrity sha512-+FE3sFPYuXCpuVeHQ/Qag1b45clR2o54QoonE/gKHv9gukxQ8oJJZPR7o3/ydDTK6racnCJXxOyT1T93FCJMIg==
  dependencies:
    "@hapi/b64" "^6.0.1"
    "@hapi/boom" "^10.0.1"
    "@hapi/content" "^6.0.0"
    "@hapi/hoek" "^11.0.2"
    "@hapi/nigel" "^5.0.1"

"@hapi/podium@^5.0.0", "@hapi/podium@^5.0.1":
  version "5.0.1"
  resolved "https://registry.yarnpkg.com/@hapi/podium/-/podium-5.0.1.tgz#f292b4c0ca3118747394a102c6c3340bda96662f"
  integrity sha512-eznFTw6rdBhAijXFIlBOMJJd+lXTvqbrBIS4Iu80r2KTVIo4g+7fLy4NKp/8+UnSt5Ox6mJtAlKBU/Sf5080TQ==
  dependencies:
    "@hapi/hoek" "^11.0.2"
    "@hapi/teamwork" "^6.0.0"
    "@hapi/validate" "^2.0.1"

"@hapi/shot@^6.0.1":
  version "6.0.1"
  resolved "https://registry.yarnpkg.com/@hapi/shot/-/shot-6.0.1.tgz#ea84d1810b7c8599d5517c23b4ec55a529d7dc16"
  integrity sha512-s5ynMKZXYoDd3dqPw5YTvOR/vjHvMTxc388+0qL0jZZP1+uwXuUD32o9DuuuLsmTlyXCWi02BJl1pBpwRuUrNA==
  dependencies:
    "@hapi/hoek" "^11.0.2"
    "@hapi/validate" "^2.0.1"

"@hapi/somever@^4.1.1":
  version "4.1.1"
  resolved "https://registry.yarnpkg.com/@hapi/somever/-/somever-4.1.1.tgz#b492c78408303c72cd1a39c5060f35d18a404b27"
  integrity sha512-lt3QQiDDOVRatS0ionFDNrDIv4eXz58IibQaZQDOg4DqqdNme8oa0iPWcE0+hkq/KTeBCPtEOjDOBKBKwDumVg==
  dependencies:
    "@hapi/bounce" "^3.0.1"
    "@hapi/hoek" "^11.0.2"

"@hapi/statehood@^8.1.1":
  version "8.1.1"
  resolved "https://registry.yarnpkg.com/@hapi/statehood/-/statehood-8.1.1.tgz#db4bd14c90810a1389763cb0b0b8f221aa4179c1"
  integrity sha512-YbK7PSVUA59NArAW5Np0tKRoIZ5VNYUicOk7uJmWZF6XyH5gGL+k62w77SIJb0AoAJ0QdGQMCQ/WOGL1S3Ydow==
  dependencies:
    "@hapi/boom" "^10.0.1"
    "@hapi/bounce" "^3.0.1"
    "@hapi/bourne" "^3.0.0"
    "@hapi/cryptiles" "^6.0.1"
    "@hapi/hoek" "^11.0.2"
    "@hapi/iron" "^7.0.1"
    "@hapi/validate" "^2.0.1"

"@hapi/subtext@^8.1.0":
  version "8.1.0"
  resolved "https://registry.yarnpkg.com/@hapi/subtext/-/subtext-8.1.0.tgz#58733020a6655bc4d978df9e2f75e31696ff3f91"
  integrity sha512-PyaN4oSMtqPjjVxLny1k0iYg4+fwGusIhaom9B2StinBclHs7v46mIW706Y+Wo21lcgulGyXbQrmT/w4dus6ww==
  dependencies:
    "@hapi/boom" "^10.0.1"
    "@hapi/bourne" "^3.0.0"
    "@hapi/content" "^6.0.0"
    "@hapi/file" "^3.0.0"
    "@hapi/hoek" "^11.0.2"
    "@hapi/pez" "^6.1.0"
    "@hapi/wreck" "^18.0.1"

"@hapi/teamwork@^6.0.0":
  version "6.0.0"
  resolved "https://registry.yarnpkg.com/@hapi/teamwork/-/teamwork-6.0.0.tgz#b3a173cf811ba59fc6ee22318a1b51f4561f06e0"
  integrity sha512-05HumSy3LWfXpmJ9cr6HzwhAavrHkJ1ZRCmNE2qJMihdM5YcWreWPfyN0yKT2ZjCM92au3ZkuodjBxOibxM67A==

"@hapi/topo@^6.0.1":
  version "6.0.2"
  resolved "https://registry.yarnpkg.com/@hapi/topo/-/topo-6.0.2.tgz#f219c1c60da8430228af4c1f2e40c32a0d84bbb4"
  integrity sha512-KR3rD5inZbGMrHmgPxsJ9dbi6zEK+C3ZwUwTa+eMwWLz7oijWUTWD2pMSNNYJAU6Qq+65NkxXjqHr/7LM2Xkqg==
  dependencies:
    "@hapi/hoek" "^11.0.2"

"@hapi/validate@^2.0.1":
  version "2.0.1"
  resolved "https://registry.yarnpkg.com/@hapi/validate/-/validate-2.0.1.tgz#45cf228c4c8cfc61ba2da7e0a5ba93ff3b9afff1"
  integrity sha512-NZmXRnrSLK8MQ9y/CMqE9WSspgB9xA41/LlYR0k967aSZebWr4yNrpxIbov12ICwKy4APSlWXZga9jN5p6puPA==
  dependencies:
    "@hapi/hoek" "^11.0.2"
    "@hapi/topo" "^6.0.1"

"@hapi/vise@^5.0.1":
  version "5.0.1"
  resolved "https://registry.yarnpkg.com/@hapi/vise/-/vise-5.0.1.tgz#5c9f16bcf1c039ddd4b6cad5f32d71eeb6bb7dac"
  integrity sha512-XZYWzzRtINQLedPYlIkSkUr7m5Ddwlu99V9elh8CSygXstfv3UnWIXT0QD+wmR0VAG34d2Vx3olqcEhRRoTu9A==
  dependencies:
    "@hapi/hoek" "^11.0.2"

"@hapi/wreck@^18.0.1":
  version "18.0.1"
  resolved "https://registry.yarnpkg.com/@hapi/wreck/-/wreck-18.0.1.tgz#6df04532be25fd128c5244e72ccc21438cf8bb65"
  integrity sha512-OLHER70+rZxvDl75xq3xXOfd3e8XIvz8fWY0dqg92UvhZ29zo24vQgfqgHSYhB5ZiuFpSLeriOisAlxAo/1jWg==
  dependencies:
    "@hapi/boom" "^10.0.1"
    "@hapi/bourne" "^3.0.0"
    "@hapi/hoek" "^11.0.2"

abbrev@1:
  version "1.1.1"
  resolved "https://registry.yarnpkg.com/abbrev/-/abbrev-1.1.1.tgz#f8f2c887ad10bf67f634f005b6987fed3179aac8"
  integrity sha512-nne9/IiQ/hzIhY6pdDnbBtz7DjPTKrY00P/zvPSm5pOFkl6xuGrGnXn/VtTNNfNtAfZ9/1RtehkszU9qcTii0Q==

anymatch@~3.1.2:
  version "3.1.3"
  resolved "https://registry.yarnpkg.com/anymatch/-/anymatch-3.1.3.tgz#790c58b19ba1720a84205b57c618d5ad8524973e"
  integrity sha512-KMReFUr0B4t+D+OBkjR3KYqvocp2XaSzO55UcB6mgQMd3KbcE+mWTyvVV7D/zsdEbNnV6acZUutkiHQXvTr1Rw==
  dependencies:
    normalize-path "^3.0.0"
    picomatch "^2.0.4"

balanced-match@^1.0.0:
  version "1.0.2"
  resolved "https://registry.yarnpkg.com/balanced-match/-/balanced-match-1.0.2.tgz#e83e3a7e3f300b34cb9d87f615fa0cbf357690ee"
  integrity sha512-3oSeUO0TMV67hN1AmbXsK4yaqU7tjiHlbxRDZOpH0KW9+CeX4bRAaX0Anxt0tx2MrpRpWwQaPwIlISEJhYU5Pw==

binary-extensions@^2.0.0:
  version "2.2.0"
  resolved "https://registry.yarnpkg.com/binary-extensions/-/binary-extensions-2.2.0.tgz#75f502eeaf9ffde42fc98829645be4ea76bd9e2d"
  integrity sha512-jDctJ/IVQbZoJykoeHbhXpOlNBqGNcwXJKJog42E5HDPUwQTSdjCHdihjj0DlnheQ7blbT6dHOafNAiS8ooQKA==

brace-expansion@^1.1.7:
  version "1.1.11"
  resolved "https://registry.yarnpkg.com/brace-expansion/-/brace-expansion-1.1.11.tgz#3c7fcbf529d87226f3d2f52b966ff5271eb441dd"
  integrity sha512-iCuPHDFgrHX7H2vEI/5xpz07zSHB00TpugqhmYtVmMO6518mCuRMoOYFldEBl0g187ufozdaHgWKcYFb61qGiA==
  dependencies:
    balanced-match "^1.0.0"
    concat-map "0.0.1"

braces@~3.0.2:
  version "3.0.2"
  resolved "https://registry.yarnpkg.com/braces/-/braces-3.0.2.tgz#3454e1a462ee8d599e236df336cd9ea4f8afe107"
  integrity sha512-b8um+L1RzM3WDSzvhm6gIz1yfTbBt6YTlcEKAvsmqCZZFw46z626lVj9j1yEPW33H5H+lBQpZMP1k8l+78Ha0A==
  dependencies:
    fill-range "^7.0.1"

chokidar@^3.5.2:
  version "3.5.3"
  resolved "https://registry.yarnpkg.com/chokidar/-/chokidar-3.5.3.tgz#1cf37c8707b932bd1af1ae22c0432e2acd1903bd"
  integrity sha512-Dr3sfKRP6oTcjf2JmUmFJfeVMvXBdegxB0iVQ5eb2V10uFJUCAS8OByZdVAyVb8xXNz3GjjTgj9kLWsZTqE6kw==
  dependencies:
    anymatch "~3.1.2"
    braces "~3.0.2"
    glob-parent "~5.1.2"
    is-binary-path "~2.1.0"
    is-glob "~4.0.1"
    normalize-path "~3.0.0"
    readdirp "~3.6.0"
  optionalDependencies:
    fsevents "~2.3.2"

concat-map@0.0.1:
  version "0.0.1"
  resolved "https://registry.yarnpkg.com/concat-map/-/concat-map-0.0.1.tgz#d8a96bd77fd68df7793a73036a3ba0d5405d477b"
  integrity sha512-/Srv4dswyQNBfohGpz9o6Yb3Gz3SrUDqBH5rTuhGR7ahtlbYKnVxw2bCFMRljaA7EXHaXZ8wsHdodFvbkhKmqg==

debug@^3.2.7:
  version "3.2.7"
  resolved "https://registry.yarnpkg.com/debug/-/debug-3.2.7.tgz#72580b7e9145fb39b6676f9c5e5fb100b934179a"
  integrity sha512-CFjzYYAi4ThfiQvizrFQevTTXHtnCqWfe7x1AhgEscTz6ZbLbfoLRLPugTQyBth6f8ZERVUSyWHFD/7Wu4t1XQ==
  dependencies:
    ms "^2.1.1"

dotenv@^16.3.1:
  version "16.3.1"
  resolved "https://registry.yarnpkg.com/dotenv/-/dotenv-16.3.1.tgz#369034de7d7e5b120972693352a3bf112172cc3e"
  integrity sha512-IPzF4w4/Rd94bA9imS68tZBaYyBWSCE47V1RGuMrB94iyTOIEwRmVL2x/4An+6mETpLrKJ5hQkB8W4kFAadeIQ==

fill-range@^7.0.1:
  version "7.0.1"
  resolved "https://registry.yarnpkg.com/fill-range/-/fill-range-7.0.1.tgz#1919a6a7c75fe38b2c7c77e5198535da9acdda40"
  integrity sha512-qOo9F+dMUmC2Lcb4BbVvnKJxTPjCm+RRpe4gDuGrzkL7mEVl/djYSu2OdQ2Pa302N4oqkSg9ir6jaLWJ2USVpQ==
  dependencies:
    to-regex-range "^5.0.1"

fsevents@~2.3.2:
  version "2.3.2"
  resolved "https://registry.yarnpkg.com/fsevents/-/fsevents-2.3.2.tgz#8a526f78b8fdf4623b709e0b975c52c24c02fd1a"
  integrity sha512-xiqMQR4xAeHTuB9uWm+fFRcIOgKBMiOBP+eXiyT7jsgVCq1bkVygt00oASowB7EdtpOHaaPgKt812P9ab+DDKA==

glob-parent@~5.1.2:
  version "5.1.2"
  resolved "https://registry.yarnpkg.com/glob-parent/-/glob-parent-5.1.2.tgz#869832c58034fe68a4093c17dc15e8340d8401c4"
  integrity sha512-AOIgSQCepiJYwP3ARnGx+5VnTu2HBYdzbGP45eLw1vr3zB3vZLeyed1sC9hnbcOc9/SrMyM5RPQrkGz4aS9Zow==
  dependencies:
    is-glob "^4.0.1"

has-flag@^3.0.0:
  version "3.0.0"
  resolved "https://registry.yarnpkg.com/has-flag/-/has-flag-3.0.0.tgz#b5d454dc2199ae225699f3467e5a07f3b955bafd"
  integrity sha512-sKJf1+ceQBr4SMkvQnBDNDtf4TXpVhVGateu0t918bl30FnbE2m4vNLX+VWe/dpjlb+HugGYzW7uQXH98HPEYw==

ignore-by-default@^1.0.1:
  version "1.0.1"
  resolved "https://registry.yarnpkg.com/ignore-by-default/-/ignore-by-default-1.0.1.tgz#48ca6d72f6c6a3af00a9ad4ae6876be3889e2b09"
  integrity sha512-Ius2VYcGNk7T90CppJqcIkS5ooHUZyIQK+ClZfMfMNFEF9VSE73Fq+906u/CWu92x4gzZMWOwfFYckPObzdEbA==

is-binary-path@~2.1.0:
  version "2.1.0"
  resolved "https://registry.yarnpkg.com/is-binary-path/-/is-binary-path-2.1.0.tgz#ea1f7f3b80f064236e83470f86c09c254fb45b09"
  integrity sha512-ZMERYes6pDydyuGidse7OsHxtbI7WVeUEozgR/g7rd0xUimYNlvZRE/K2MgZTjWy725IfelLeVcEM97mmtRGXw==
  dependencies:
    binary-extensions "^2.0.0"

is-extglob@^2.1.1:
  version "2.1.1"
  resolved "https://registry.yarnpkg.com/is-extglob/-/is-extglob-2.1.1.tgz#a88c02535791f02ed37c76a1b9ea9773c833f8c2"
  integrity sha512-SbKbANkN603Vi4jEZv49LeVJMn4yGwsbzZworEoyEiutsN3nJYdbO36zfhGJ6QEDpOZIFkDtnq5JRxmvl3jsoQ==

is-glob@^4.0.1, is-glob@~4.0.1:
  version "4.0.3"
  resolved "https://registry.yarnpkg.com/is-glob/-/is-glob-4.0.3.tgz#64f61e42cbbb2eec2071a9dac0b28ba1e65d5084"
  integrity sha512-xelSayHH36ZgE7ZWhli7pW34hNbNl8Ojv5KVmkJD4hBdD3th8Tfk9vYasLM+mXWOZhFkgZfxhLSnrwRr4elSSg==
  dependencies:
    is-extglob "^2.1.1"

is-number@^7.0.0:
  version "7.0.0"
  resolved "https://registry.yarnpkg.com/is-number/-/is-number-7.0.0.tgz#7535345b896734d5f80c4d06c50955527a14f12b"
  integrity sha512-41Cifkg6e8TylSpdtTpeLVMqvSBEVzTttHvERD741+pnZ8ANv0004MRL43QKPDlK9cGvNp6NZWZUBlbGXYxxng==

lru-cache@^6.0.0:
  version "6.0.0"
  resolved "https://registry.yarnpkg.com/lru-cache/-/lru-cache-6.0.0.tgz#6d6fe6570ebd96aaf90fcad1dafa3b2566db3a94"
  integrity sha512-Jo6dJ04CmSjuznwJSS3pUeWmd/H0ffTlkXXgwZi+eq1UCmqQwCh+eLsYOYCwY991i2Fah4h1BEMCx4qThGbsiA==
  dependencies:
    yallist "^4.0.0"

mime-db@^1.52.0:
  version "1.52.0"
  resolved "https://registry.yarnpkg.com/mime-db/-/mime-db-1.52.0.tgz#bbabcdc02859f4987301c856e3387ce5ec43bf70"
  integrity sha512-sPU4uV7dYlvtWJxwwxHD0PuihVNiE7TyAbQ5SWxDCB9mUYvOgroQOwYQQOKPJ8CIbE+1ETVlOoK1UC2nU3gYvg==

minimatch@^3.1.2:
  version "3.1.2"
  resolved "https://registry.yarnpkg.com/minimatch/-/minimatch-3.1.2.tgz#19cd194bfd3e428f049a70817c038d89ab4be35b"
  integrity sha512-J7p63hRiAjw1NDEww1W7i37+ByIrOWO5XQQAzZ3VOcL0PNybwpfmV/N05zFAzwQ9USyEcX6t3UO+K5aqBQOIHw==
  dependencies:
    brace-expansion "^1.1.7"

ms@^2.1.1:
  version "2.1.3"
  resolved "https://registry.yarnpkg.com/ms/-/ms-2.1.3.tgz#574c8138ce1d2b5861f0b44579dbadd60c6615b2"
  integrity sha512-6FlzubTLZG3J2a/NVCAleEhjzq5oxgHyaCU9yYXvcLsvoVaHJq/s5xXI6/XXP6tz7R9xAOtHnSO/tXtF3WRTlA==

nodemon@^3.0.1:
  version "3.0.1"
  resolved "https://registry.yarnpkg.com/nodemon/-/nodemon-3.0.1.tgz#affe822a2c5f21354466b2fc8ae83277d27dadc7"
  integrity sha512-g9AZ7HmkhQkqXkRc20w+ZfQ73cHLbE8hnPbtaFbFtCumZsjyMhKk9LajQ07U5Ux28lvFjZ5X7HvWR1xzU8jHVw==
  dependencies:
    chokidar "^3.5.2"
    debug "^3.2.7"
    ignore-by-default "^1.0.1"
    minimatch "^3.1.2"
    pstree.remy "^1.1.8"
    semver "^7.5.3"
    simple-update-notifier "^2.0.0"
    supports-color "^5.5.0"
    touch "^3.1.0"
    undefsafe "^2.0.5"

nopt@~1.0.10:
  version "1.0.10"
  resolved "https://registry.yarnpkg.com/nopt/-/nopt-1.0.10.tgz#6ddd21bd2a31417b92727dd585f8a6f37608ebee"
  integrity sha512-NWmpvLSqUrgrAC9HCuxEvb+PSloHpqVu+FqcO4eeF2h5qYRhA7ev6KvelyQAKtegUbC6RypJnlEOhd8vloNKYg==
  dependencies:
    abbrev "1"

normalize-path@^3.0.0, normalize-path@~3.0.0:
  version "3.0.0"
  resolved "https://registry.yarnpkg.com/normalize-path/-/normalize-path-3.0.0.tgz#0dcd69ff23a1c9b11fd0978316644a0388216a65"
  integrity sha512-6eZs5Ls3WtCisHWp9S2GUy8dqkpGi4BVSz3GaqiE6ezub0512ESztXUwUB6C6IKbQkY2Pnb/mD4WYojCRwcwLA==

picomatch@^2.0.4, picomatch@^2.2.1:
  version "2.3.1"
  resolved "https://registry.yarnpkg.com/picomatch/-/picomatch-2.3.1.tgz#3ba3833733646d9d3e4995946c1365a67fb07a42"
  integrity sha512-JU3teHTNjmE2VCGFzuY8EXzCDVwEqB2a8fsIvwaStHhAWJEeVd1o1QD80CU6+ZdEXXSLbSsuLwJjkCBWqRQUVA==

pstree.remy@^1.1.8:
  version "1.1.8"
  resolved "https://registry.yarnpkg.com/pstree.remy/-/pstree.remy-1.1.8.tgz#c242224f4a67c21f686839bbdb4ac282b8373d3a"
  integrity sha512-77DZwxQmxKnu3aR542U+X8FypNzbfJ+C5XQDk3uWjWxn6151aIMGthWYRXTqT1E5oJvg+ljaa2OJi+VfvCOQ8w==

readdirp@~3.6.0:
  version "3.6.0"
  resolved "https://registry.yarnpkg.com/readdirp/-/readdirp-3.6.0.tgz#74a370bd857116e245b29cc97340cd431a02a6c7"
  integrity sha512-hOS089on8RduqdbhvQ5Z37A0ESjsqz6qnRcffsMU3495FuTdqSm+7bhJ29JvIOsBDEEnan5DPu9t3To9VRlMzA==
  dependencies:
    picomatch "^2.2.1"

semver@^7.5.3:
  version "7.5.4"
  resolved "https://registry.yarnpkg.com/semver/-/semver-7.5.4.tgz#483986ec4ed38e1c6c48c34894a9182dbff68a6e"
  integrity sha512-1bCSESV6Pv+i21Hvpxp3Dx+pSD8lIPt8uVjRrxAUt/nbswYc+tK6Y2btiULjd4+fnq15PX+nqQDC7Oft7WkwcA==
  dependencies:
    lru-cache "^6.0.0"

simple-update-notifier@^2.0.0:
  version "2.0.0"
  resolved "https://registry.yarnpkg.com/simple-update-notifier/-/simple-update-notifier-2.0.0.tgz#d70b92bdab7d6d90dfd73931195a30b6e3d7cebb"
  integrity sha512-a2B9Y0KlNXl9u/vsW6sTIu9vGEpfKu2wRV6l1H3XEas/0gUIzGzBoP/IouTcUQbm9JWZLH3COxyn03TYlFax6w==
  dependencies:
    semver "^7.5.3"

supports-color@^5.5.0:
  version "5.5.0"
  resolved "https://registry.yarnpkg.com/supports-color/-/supports-color-5.5.0.tgz#e2e69a44ac8772f78a1ec0b35b689df6530efc8f"
  integrity sha512-QjVjwdXIt408MIiAqCX4oUKsgU2EqAGzs2Ppkm4aQYbjm+ZEWEcW4SfFNTr4uMNZma0ey4f5lgLrkB0aX0QMow==
  dependencies:
    has-flag "^3.0.0"

to-regex-range@^5.0.1:
  version "5.0.1"
  resolved "https://registry.yarnpkg.com/to-regex-range/-/to-regex-range-5.0.1.tgz#1648c44aae7c8d988a326018ed72f5b4dd0392e4"
  integrity sha512-65P7iz6X5yEr1cwcgvQxbbIw7Uk3gOy5dIdtZ4rDveLqhrdJP+Li/Hx6tyK0NEb+2GCyneCMJiGqrADCSNk8sQ==
  dependencies:
    is-number "^7.0.0"

touch@^3.1.0:
  version "3.1.0"
  resolved "https://registry.yarnpkg.com/touch/-/touch-3.1.0.tgz#fe365f5f75ec9ed4e56825e0bb76d24ab74af83b"
  integrity sha512-WBx8Uy5TLtOSRtIq+M03/sKDrXCLHxwDcquSP2c43Le03/9serjQBIztjRz6FkJez9D/hleyAXTBGLwwZUw9lA==
  dependencies:
    nopt "~1.0.10"

undefsafe@^2.0.5:
  version "2.0.5"
  resolved "https://registry.yarnpkg.com/undefsafe/-/undefsafe-2.0.5.tgz#38733b9327bdcd226db889fb723a6efd162e6e2c"
  integrity sha512-WxONCrssBM8TSPRqN5EmsjVrsv4A8X12J4ArBiiayv3DyyG3ZlIg6yysuuSYdZsVz3TKcTg2fd//Ujd4CHV1iA==

yallist@^4.0.0:
  version "4.0.0"
  resolved "https://registry.yarnpkg.com/yallist/-/yallist-4.0.0.tgz#9bb92790d9c0effec63be73519e11a35019a3a72"
  integrity sha512-3wdGidZyq5PB084XLES5TpOSRA3wjXAlIWMhum2kRcv/41Sn2emQ0dycQW4uZXLejwKvg6EsvbdlVL+FYEct7A==
